
Microsoft Visual Studio Solution File, Format Version 12.00
# Visual Studio Version 16
VisualStudioVersion = 16.0.31205.134
MinimumVisualStudioVersion = 10.0.40219.1
Project("{9A19103F-16F7-4668-BE54-9A1E7A4F7556}") = "RunLengthEncoding", "RunLengthEncoding.csproj", "{55CEBB55-0510-452A-9D16-F2AA51ADBD51}"
EndProject
Global
	GlobalSection(SolutionConfigurationPlatforms) = preSolution
		Debug|Any CPU = Debug|Any CPU
		Release|Any CPU = Release|Any CPU
	EndGlobalSection
	GlobalSection(ProjectConfigurationPlatforms) = postSolution
		{55CEBB55-0510-452A-9D16-F2AA51ADBD51}.Debug|Any CPU.ActiveCfg = Debug|Any CPU
		{55CEBB55-0510-452A-9D16-F2AA51ADBD51}.Debug|Any CPU.Build.0 = Debug|Any CPU
		{55CEBB55-0510-452A-9D16-F2AA51ADBD51}.Release|Any CPU.ActiveCfg = Release|Any CPU
		{55CEBB55-0510-452A-9D16-F2AA51ADBD51}.Release|Any CPU.Build.0 = Release|Any CPU
	EndGlobalSection
	GlobalSection(SolutionProperties) = preSolution
		HideSolutionNode = FALSE
	EndGlobalSection
	GlobalSection(ExtensibilityGlobals) = postSolution
		SolutionGuid = {84A925DD-9F56-466F-84C7-D53234B49C7B}
	EndGlobalSection
EndGlobal
